
Microsoft Visual Studio Solution File, Format Version 12.00
# Visual Studio Version 17
VisualStudioVersion = 17.10.34916.146
MinimumVisualStudioVersion = 10.0.40219.1
Project("{FAE04EC0-301F-11D3-BF4B-00C04F79EFBC}") = "BorderDrawingIssue", "BorderDrawingIssue\BorderDrawingIssue.csproj", "{6815BA87-A28F-43A7-9E2E-FEBC3B217CAC}"
EndProject
Global
	GlobalSection(SolutionConfigurationPlatforms) = preSolution
		Debug|Any CPU = Debug|Any CPU
		Release|Any CPU = Release|Any CPU
	EndGlobalSection
	GlobalSection(ProjectConfigurationPlatforms) = postSolution
		{6815BA87-A28F-43A7-9E2E-FEBC3B217CAC}.Debug|Any CPU.ActiveCfg = Debug|Any CPU
		{6815BA87-A28F-43A7-9E2E-FEBC3B217CAC}.Debug|Any CPU.Build.0 = Debug|Any CPU
		{6815BA87-A28F-43A7-9E2E-FEBC3B217CAC}.Debug|Any CPU.Deploy.0 = Debug|Any CPU
		{6815BA87-A28F-43A7-9E2E-FEBC3B217CAC}.Release|Any CPU.ActiveCfg = Release|Any CPU
		{6815BA87-A28F-43A7-9E2E-FEBC3B217CAC}.Release|Any CPU.Build.0 = Release|Any CPU
		{6815BA87-A28F-43A7-9E2E-FEBC3B217CAC}.Release|Any CPU.Deploy.0 = Release|Any CPU
	EndGlobalSection
	GlobalSection(SolutionProperties) = preSolution
		HideSolutionNode = FALSE
	EndGlobalSection
	GlobalSection(ExtensibilityGlobals) = postSolution
		SolutionGuid = {C5E91B6E-0BB9-4953-BC9D-6911DDD7D8CB}
	EndGlobalSection
EndGlobal
